
Microsoft Visual Studio Solution File, Format Version 12.00
# Visual Studio Version 16
VisualStudioVersion = 16.0.31205.134
MinimumVisualStudioVersion = 10.0.40219.1
Project("{9A19103F-16F7-4668-BE54-9A1E7A4F7556}") = "solid", "solid.csproj", "{8708E194-5EEE-4089-9F8C-3E0F8C3683DD}"
EndProject
Global
	GlobalSection(SolutionConfigurationPlatforms) = preSolution
		Debug|Any CPU = Debug|Any CPU
		Release|Any CPU = Release|Any CPU
	EndGlobalSection
	GlobalSection(ProjectConfigurationPlatforms) = postSolution
		{8708E194-5EEE-4089-9F8C-3E0F8C3683DD}.Debug|Any CPU.ActiveCfg = Debug|Any CPU
		{8708E194-5EEE-4089-9F8C-3E0F8C3683DD}.Debug|Any CPU.Build.0 = Debug|Any CPU
		{8708E194-5EEE-4089-9F8C-3E0F8C3683DD}.Release|Any CPU.ActiveCfg = Release|Any CPU
		{8708E194-5EEE-4089-9F8C-3E0F8C3683DD}.Release|Any CPU.Build.0 = Release|Any CPU
	EndGlobalSection
	GlobalSection(SolutionProperties) = preSolution
		HideSolutionNode = FALSE
	EndGlobalSection
	GlobalSection(ExtensibilityGlobals) = postSolution
		SolutionGuid = {C73A8270-8863-4D3A-AB5C-FD154FC44478}
	EndGlobalSection
EndGlobal
