
Microsoft Visual Studio Solution File, Format Version 12.00
# Visual Studio Version 16
VisualStudioVersion = 16.0.31205.134
MinimumVisualStudioVersion = 10.0.40219.1
Project("{9A19103F-16F7-4668-BE54-9A1E7A4F7556}") = "solid", "solid.csproj", "{7B690667-2BEC-46DE-B3EF-9A99EF84B414}"
EndProject
Project("{FAE04EC0-301F-11D3-BF4B-00C04F79EFBC}") = "TestandoOCP", "..\TestandoOCP\TestandoOCP.csproj", "{AC3CBE92-0F32-4728-A394-B5F84F588778}"
EndProject
Global
	GlobalSection(SolutionConfigurationPlatforms) = preSolution
		Debug|Any CPU = Debug|Any CPU
		Release|Any CPU = Release|Any CPU
	EndGlobalSection
	GlobalSection(ProjectConfigurationPlatforms) = postSolution
		{7B690667-2BEC-46DE-B3EF-9A99EF84B414}.Debug|Any CPU.ActiveCfg = Debug|Any CPU
		{7B690667-2BEC-46DE-B3EF-9A99EF84B414}.Debug|Any CPU.Build.0 = Debug|Any CPU
		{7B690667-2BEC-46DE-B3EF-9A99EF84B414}.Release|Any CPU.ActiveCfg = Release|Any CPU
		{7B690667-2BEC-46DE-B3EF-9A99EF84B414}.Release|Any CPU.Build.0 = Release|Any CPU
		{AC3CBE92-0F32-4728-A394-B5F84F588778}.Debug|Any CPU.ActiveCfg = Debug|Any CPU
		{AC3CBE92-0F32-4728-A394-B5F84F588778}.Debug|Any CPU.Build.0 = Debug|Any CPU
		{AC3CBE92-0F32-4728-A394-B5F84F588778}.Release|Any CPU.ActiveCfg = Release|Any CPU
		{AC3CBE92-0F32-4728-A394-B5F84F588778}.Release|Any CPU.Build.0 = Release|Any CPU
	EndGlobalSection
	GlobalSection(SolutionProperties) = preSolution
		HideSolutionNode = FALSE
	EndGlobalSection
	GlobalSection(ExtensibilityGlobals) = postSolution
		SolutionGuid = {A69ED820-DD26-4D59-B06F-2F0F676F3531}
	EndGlobalSection
EndGlobal
